hash: ad86bb21647ef7255c862d710f2396d07570565329e56036bdf456d1de4c7d87
updated: 2018-04-07T20:39:17.752095+08:00
imports:
- name: github.com/adonovan/gopl.io
  version: b725d6015f980e94734da37e35ba0d943fc7532f
- name: github.com/armon/go-metrics
  version: 783273d703149aaeb9897cf58613d5af48861c25
- name: github.com/go-log/log
  version: 37e2e1f19306361e1fc152a1839f1236149cb4e4
  subpackages:
  - log
- name: github.com/golang/protobuf
  version: 925541529c1fa6821df4e44ce2723319eb2be768
  subpackages:
  - proto
- name: github.com/hashicorp/consul
  version: 9a494b5fb9c86180a5702e29c485df1507a47198
  subpackages:
  - api
  - watch
- name: github.com/hashicorp/go-cleanhttp
  version: d5fe4b57a186c716b0e00b8c301cbd9b4182694d
- name: github.com/hashicorp/go-immutable-radix
  version: 7f3cd4390caab3250a57f30efdb2a65dd7649ecf
- name: github.com/hashicorp/go-rootcerts
  version: 6bb64b370b90e7ef1fa532be9e591a81c3493e00
- name: github.com/hashicorp/golang-lru
  version: 0fb14efe8c47ae851c0034ed7a448854d3d34cf3
  subpackages:
  - simplelru
- name: github.com/hashicorp/serf
  version: 3b250ce4404edb266330f53fcfc8ad0d0dacfae7
  subpackages:
  - coordinate
- name: github.com/micro/cli
  version: 3d2263bb092286dde294a31049c92665f8373820
- name: github.com/micro/examples
  version: 201522e747076ed1f062978ff5ce58f30e5e7fd1
  subpackages:
  - greeter/srv/proto/hello
- name: github.com/micro/go-log
  version: cbfa9447f9b655f8e66583237e51f40ca9bff860
- name: github.com/micro/go-micro
  version: 75be57d6e4d895d228d516472668b7009c643d79
  subpackages:
  - broker
  - broker/codec
  - broker/codec/json
  - broker/http
  - client
  - cmd
  - codec
  - codec/jsonrpc
  - codec/protorpc
  - errors
  - metadata
  - registry
  - registry/consul
  - registry/mdns
  - selector
  - selector/cache
  - server
  - server/debug
  - server/debug/proto
  - transport
  - transport/codec
  - transport/http
- name: github.com/micro/go-rcache
  version: c4d553f1c37857cdc6d5385e83b6946deed488e4
- name: github.com/micro/mdns
  version: cdf30746f9f70dc7a366d3d885792a092fd83102
- name: github.com/micro/misc
  version: b252244c714ddeb20723862cc15a5b6d2225b125
  subpackages:
  - lib/addr
  - lib/net
  - lib/tls
- name: github.com/miekg/dns
  version: 83c435cc65d2862736428b9b4d07d0ab10ad3e4d
- name: github.com/mitchellh/go-homedir
  version: b8bc1bf767474819792c23f32d8286a45736f1c6
- name: github.com/mitchellh/hashstructure
  version: 2bca23e0e452137f789efbc8610126fd8b94f73b
- name: github.com/mitchellh/mapstructure
  version: 00c29f56e2386353d58c599509e8dc3801b0d716
- name: github.com/pborman/uuid
  version: c65b2f87fee37d1c7854c9164a450713c28d50cd
- name: github.com/pkg/errors
  version: 816c9085562cd7ee03e7f8188a1cfd942858cded
- name: golang.org/x/crypto
  version: b2aa35443fbc700ab74c586ae79b81c171851023
  subpackages:
  - blowfish
  - curve25519
  - ed25519
  - ed25519/internal/edwards25519
  - internal/chacha20
  - poly1305
  - ssh
- name: golang.org/x/net
  version: b3c676e531a6dc479fa1b35ac961c13f5e2b4d2e
  subpackages:
  - bpf
  - context
  - internal/iana
  - internal/socket
  - ipv4
  - ipv6
  - websocket
- name: golang.org/x/text
  version: 2cb43934f0eece38629746959acc633cba083fe4
  subpackages:
  - encoding
  - encoding/internal
  - encoding/internal/identifier
  - encoding/simplifiedchinese
  - transform
testImports: []
